// !$*UTF8*$!
{
	archiveVersion = 1;
	classes = {
	};
	objectVersion = 46;
	objects = {

/* Begin PBXBuildFile section */
		0B0259C31E7E330F00247B9C /* main.m in Sources */ = {isa = PBXBuildFile; fileRef = 0B0259C21E7E330F00247B9C /* main.m */; };
		0B0259C61E7E330F00247B9C /* AppDelegate.m in Sources */ = {isa = PBXBuildFile; fileRef = 0B0259C51E7E330F00247B9C /* AppDelegate.m */; };
		0B0259C91E7E330F00247B9C /* ViewController.m in Sources */ = {isa = PBXBuildFile; fileRef = 0B0259C81E7E330F00247B9C /* ViewController.m */; };
		0B0259CC1E7E330F00247B9C /* Main.storyboard in Resources */ = {isa = PBXBuildFile; fileRef = 0B0259CA1E7E330F00247B9C /* Main.storyboard */; };
		0B0259CF1E7E330F00247B9C /* webViewJsHtml.xcdatamodeld in Sources */ = {isa = PBXBuildFile; fileRef = 0B0259CD1E7E330F00247B9C /* webViewJsHtml.xcdatamodeld */; };
		0B0259D11E7E330F00247B9C /* Assets.xcassets in Resources */ = {isa = PBXBuildFile; fileRef = 0B0259D01E7E330F00247B9C /* Assets.xcassets */; };
		0B0259D41E7E330F00247B9C /* LaunchScreen.storyboard in Resources */ = {isa = PBXBuildFile; fileRef = 0B0259D21E7E330F00247B9C /* LaunchScreen.storyboard */; };
		0B0259DF1E7E330F00247B9C /* webViewJsHtmlTests.m in Sources */ = {isa = PBXBuildFile; fileRef = 0B0259DE1E7E330F00247B9C /* webViewJsHtmlTests.m */; };
		0B0259EA1E7E330F00247B9C /* webViewJsHtmlUITests.m in Sources */ = {isa = PBXBuildFile; fileRef = 0B0259E91E7E330F00247B9C /* webViewJsHtmlUITests.m */; };
		0BB3ED441E7E495A00BF74CE /* test.html in Resources */ = {isa = PBXBuildFile; fileRef = 0BB3ED431E7E495A00BF74CE /* test.html */; };
		0BB3ED451E7E495A00BF74CE /* test.html in Resources */ = {isa = PBXBuildFile; fileRef = 0BB3ED431E7E495A00BF74CE /* test.html */; };
		0BB3ED461E7E495A00BF74CE /* test.html in Resources */ = {isa = PBXBuildFile; fileRef = 0BB3ED431E7E495A00BF74CE /* test.html */; };
		0BB3ED4C1E7E55CB00BF74CE /* libicucore.tbd in Frameworks */ = {isa = PBXBuildFile; fileRef = 0BB3ED4B1E7E55CB00BF74CE /* libicucore.tbd */; };
		0BB3ED4E1E7E55F200BF74CE /* libc++.tbd in Frameworks */ = {isa = PBXBuildFile; fileRef = 0BB3ED4D1E7E55F200BF74CE /* libc++.tbd */; };
		0BB3ED501E7E55FA00BF74CE /* libc.tbd in Frameworks */ = {isa = PBXBuildFile; fileRef = 0BB3ED4F1E7E55FA00BF74CE /* libc.tbd */; };
		0E9D2C0C78E8FFF993636C57 /* libPods-webViewJsHtmlUITests.a in Frameworks */ = {isa = PBXBuildFile; fileRef = E736E7558BEA1DB10CA49EAF /* libPods-webViewJsHtmlUITests.a */; };
		59E49EC6D45C56564CF716EF /* libPods-webViewJsHtml.a in Frameworks */ = {isa = PBXBuildFile; fileRef = BB739F988B1881FD21B386ED /* libPods-webViewJsHtml.a */; };
		944DD11EF37BCA9789377E92 /* libPods-webViewJsHtmlTests.a in Frameworks */ = {isa = PBXBuildFile; fileRef = 4D05BCDC25B3BC385D11F236 /* libPods-webViewJsHtmlTests.a */; };
/* End PBXBuildFile section */

/* Begin PBXContainerItemProxy section */
		0B0259DB1E7E330F00247B9C /* PBXContainerItemProxy */ = {
			isa = PBXContainerItemProxy;
			containerPortal = 0B0259B61E7E330F00247B9C /* Project object */;
			proxyType = 1;
			remoteGlobalIDString = 0B0259BD1E7E330F00247B9C;
			remoteInfo = webViewJsHtml;
		};
		0B0259E61E7E330F00247B9C /* PBXContainerItemProxy */ = {
			isa = PBXContainerItemProxy;
			containerPortal = 0B0259B61E7E330F00247B9C /* Project object */;
			proxyType = 1;
			remoteGlobalIDString = 0B0259BD1E7E330F00247B9C;
			remoteInfo = webViewJsHtml;
		};
		0BB3ED3F1E7E461000BF74CE /* PBXContainerItemProxy */ = {
			isa = PBXContainerItemProxy;
			containerPortal = 0BB3ED121E7E461000BF74CE /* MGTemplateEngine.xcodeproj */;
			proxyType = 2;
			remoteGlobalIDString = 8D1107320486CEB800E47090;
			remoteInfo = MGTemplateEngine;
		};
		0BB3ED411E7E461000BF74CE /* PBXContainerItemProxy */ = {
			isa = PBXContainerItemProxy;
			containerPortal = 0BB3ED121E7E461000BF74CE /* MGTemplateEngine.xcodeproj */;
			proxyType = 2;
			remoteGlobalIDString = 3E3724AD1CCD54D5005628DF;
			remoteInfo = MGTemplateEngineTests;
		};
/* End PBXContainerItemProxy section */

/* Begin PBXFileReference section */
		0B0259BE1E7E330F00247B9C /* webViewJsHtml.app */ = {isa = PBXFileReference; explicitFileType = wrapper.application; includeInIndex = 0; path = webViewJsHtml.app; sourceTree = BUILT_PRODUCTS_DIR; };
		0B0259C21E7E330F00247B9C /* main.m */ = {isa = PBXFileReference; lastKnownFileType = sourcecode.c.objc; path = main.m; sourceTree = "<group>"; };
		0B0259C41E7E330F00247B9C /* AppDelegate.h */ = {isa = PBXFileReference; lastKnownFileType = sourcecode.c.h; path = AppDelegate.h; sourceTree = "<group>"; };
		0B0259C51E7E330F00247B9C /* AppDelegate.m */ = {isa = PBXFileReference; lastKnownFileType = sourcecode.c.objc; path = AppDelegate.m; sourceTree = "<group>"; };
		0B0259C71E7E330F00247B9C /* ViewController.h */ = {isa = PBXFileReference; lastKnownFileType = sourcecode.c.h; path = ViewController.h; sourceTree = "<group>"; };
		0B0259C81E7E330F00247B9C /* ViewController.m */ = {isa = PBXFileReference; lastKnownFileType = sourcecode.c.objc; path = ViewController.m; sourceTree = "<group>"; };
		0B0259CB1E7E330F00247B9C /* Base */ = {isa = PBXFileReference; lastKnownFileType = file.storyboard; name = Base; path = Base.lproj/Main.storyboard; sourceTree = "<group>"; };
		0B0259CE1E7E330F00247B9C /* webViewJsHtml.xcdatamodel */ = {isa = PBXFileReference; lastKnownFileType = wrapper.xcdatamodel; path = webViewJsHtml.xcdatamodel; sourceTree = "<group>"; };
		0B0259D01E7E330F00247B9C /* Assets.xcassets */ = {isa = PBXFileReference; lastKnownFileType = folder.assetcatalog; path = Assets.xcassets; sourceTree = "<group>"; };
		0B0259D31E7E330F00247B9C /* Base */ = {isa = PBXFileReference; lastKnownFileType = file.storyboard; name = Base; path = Base.lproj/LaunchScreen.storyboard; sourceTree = "<group>"; };
		0B0259D51E7E330F00247B9C /* Info.plist */ = {isa = PBXFileReference; lastKnownFileType = text.plist.xml; path = Info.plist; sourceTree = "<group>"; };
		0B0259DA1E7E330F00247B9C /* webViewJsHtmlTests.xctest */ = {isa = PBXFileReference; explicitFileType = wrapper.cfbundle; includeInIndex = 0; path = webViewJsHtmlTests.xctest; sourceTree = BUILT_PRODUCTS_DIR; };
		0B0259DE1E7E330F00247B9C /* webViewJsHtmlTests.m */ = {isa = PBXFileReference; lastKnownFileType = sourcecode.c.objc; path = webViewJsHtmlTests.m; sourceTree = "<group>"; };
		0B0259E01E7E330F00247B9C /* Info.plist */ = {isa = PBXFileReference; lastKnownFileType = text.plist.xml; path = Info.plist; sourceTree = "<group>"; };
		0B0259E51E7E330F00247B9C /* webViewJsHtmlUITests.xctest */ = {isa = PBXFileReference; explicitFileType = wrapper.cfbundle; includeInIndex = 0; path = webViewJsHtmlUITests.xctest; sourceTree = BUILT_PRODUCTS_DIR; };
		0B0259E91E7E330F00247B9C /* webViewJsHtmlUITests.m */ = {isa = PBXFileReference; lastKnownFileType = sourcecode.c.objc; path = webViewJsHtmlUITests.m; sourceTree = "<group>"; };
		0B0259EB1E7E330F00247B9C /* Info.plist */ = {isa = PBXFileReference; lastKnownFileType = text.plist.xml; path = Info.plist; sourceTree = "<group>"; };
		0BB3ED041E7E461000BF74CE /* .gitignore */ = {isa = PBXFileReference; fileEncoding = 4; lastKnownFileType = text; path = .gitignore; sourceTree = "<group>"; };
		0BB3ED051E7E461000BF74CE /* AppController.h */ = {isa = PBXFileReference; fileEncoding = 4; lastKnownFileType = sourcecode.c.h; path = AppController.h; sourceTree = "<group>"; };
		0BB3ED061E7E461000BF74CE /* AppController.m */ = {isa = PBXFileReference; fileEncoding = 4; lastKnownFileType = sourcecode.c.objc; path = AppController.m; sourceTree = "<group>"; };
		0BB3ED071E7E461000BF74CE /* DeepMutableCopy.h */ = {isa = PBXFileReference; fileEncoding = 4; lastKnownFileType = sourcecode.c.h; path = DeepMutableCopy.h; sourceTree = "<group>"; };
		0BB3ED091E7E461000BF74CE /* English */ = {isa = PBXFileReference; lastKnownFileType = text.plist.strings; name = English; path = English.lproj/InfoPlist.strings; sourceTree = "<group>"; };
		0BB3ED0B1E7E461000BF74CE /* English */ = {isa = PBXFileReference; lastKnownFileType = file.xib; name = English; path = English.lproj/MainMenu.xib; sourceTree = "<group>"; };
		0BB3ED0C1E7E461000BF74CE /* ICUTemplateMatcher.h */ = {isa = PBXFileReference; fileEncoding = 4; lastKnownFileType = sourcecode.c.h; path = ICUTemplateMatcher.h; sourceTree = "<group>"; };
		0BB3ED0D1E7E461000BF74CE /* ICUTemplateMatcher.m */ = {isa = PBXFileReference; fileEncoding = 4; lastKnownFileType = sourcecode.c.objc; path = ICUTemplateMatcher.m; sourceTree = "<group>"; };
		0BB3ED0E1E7E461000BF74CE /* Info.plist */ = {isa = PBXFileReference; fileEncoding = 4; lastKnownFileType = text.plist.xml; path = Info.plist; sourceTree = "<group>"; };
		0BB3ED0F1E7E461000BF74CE /* main.m */ = {isa = PBXFileReference; fileEncoding = 4; lastKnownFileType = sourcecode.c.objc; path = main.m; sourceTree = "<group>"; };
		0BB3ED101E7E461000BF74CE /* MGTemplateEngine.h */ = {isa = PBXFileReference; fileEncoding = 4; lastKnownFileType = sourcecode.c.h; path = MGTemplateEngine.h; sourceTree = "<group>"; };
		0BB3ED111E7E461000BF74CE /* MGTemplateEngine.m */ = {isa = PBXFileReference; fileEncoding = 4; lastKnownFileType = sourcecode.c.objc; path = MGTemplateEngine.m; sourceTree = "<group>"; };
		0BB3ED121E7E461000BF74CE /* MGTemplateEngine.xcodeproj */ = {isa = PBXFileReference; lastKnownFileType = "wrapper.pb-project"; path = MGTemplateEngine.xcodeproj; sourceTree = "<group>"; };
		0BB3ED151E7E461000BF74CE /* MGTemplateEngine_Prefix.pch */ = {isa = PBXFileReference; fileEncoding = 4; lastKnownFileType = sourcecode.c.h; path = MGTemplateEngine_Prefix.pch; sourceTree = "<group>"; };
		0BB3ED171E7E461000BF74CE /* Info.plist */ = {isa = PBXFileReference; fileEncoding = 4; lastKnownFileType = text.plist.xml; path = Info.plist; sourceTree = "<group>"; };
		0BB3ED181E7E461000BF74CE /* MGTemplateEngineTests.m */ = {isa = PBXFileReference; fileEncoding = 4; lastKnownFileType = sourcecode.c.objc; path = MGTemplateEngineTests.m; sourceTree = "<group>"; };
		0BB3ED191E7E461000BF74CE /* MGTemplateFilter.h */ = {isa = PBXFileReference; fileEncoding = 4; lastKnownFileType = sourcecode.c.h; path = MGTemplateFilter.h; sourceTree = "<group>"; };
		0BB3ED1A1E7E461000BF74CE /* MGTemplateMarker.h */ = {isa = PBXFileReference; fileEncoding = 4; lastKnownFileType = sourcecode.c.h; path = MGTemplateMarker.h; sourceTree = "<group>"; };
		0BB3ED1B1E7E461000BF74CE /* MGTemplateStandardFilters.h */ = {isa = PBXFileReference; fileEncoding = 4; lastKnownFileType = sourcecode.c.h; path = MGTemplateStandardFilters.h; sourceTree = "<group>"; };
		0BB3ED1C1E7E461000BF74CE /* MGTemplateStandardFilters.m */ = {isa = PBXFileReference; fileEncoding = 4; lastKnownFileType = sourcecode.c.objc; path = MGTemplateStandardFilters.m; sourceTree = "<group>"; };
		0BB3ED1D1E7E461000BF74CE /* MGTemplateStandardMarkers.h */ = {isa = PBXFileReference; fileEncoding = 4; lastKnownFileType = sourcecode.c.h; path = MGTemplateStandardMarkers.h; sourceTree = "<group>"; };
		0BB3ED1E1E7E461000BF74CE /* MGTemplateStandardMarkers.m */ = {isa = PBXFileReference; fileEncoding = 4; lastKnownFileType = sourcecode.c.objc; path = MGTemplateStandardMarkers.m; sourceTree = "<group>"; };
		0BB3ED1F1E7E461000BF74CE /* NSArray_DeepMutableCopy.h */ = {isa = PBXFileReference; fileEncoding = 4; lastKnownFileType = sourcecode.c.h; path = NSArray_DeepMutableCopy.h; sourceTree = "<group>"; };
		0BB3ED201E7E461000BF74CE /* NSArray_DeepMutableCopy.m */ = {isa = PBXFileReference; fileEncoding = 4; lastKnownFileType = sourcecode.c.objc; path = NSArray_DeepMutableCopy.m; sourceTree = "<group>"; };
		0BB3ED211E7E461000BF74CE /* NSDictionary_DeepMutableCopy.h */ = {isa = PBXFileReference; fileEncoding = 4; lastKnownFileType = sourcecode.c.h; path = NSDictionary_DeepMutableCopy.h; sourceTree = "<group>"; };
		0BB3ED221E7E461000BF74CE /* NSDictionary_DeepMutableCopy.m */ = {isa = PBXFileReference; fileEncoding = 4; lastKnownFileType = sourcecode.c.objc; path = NSDictionary_DeepMutableCopy.m; sourceTree = "<group>"; };
		0BB3ED231E7E461000BF74CE /* README.md */ = {isa = PBXFileReference; fileEncoding = 4; lastKnownFileType = net.daringfireball.markdown; path = README.md; sourceTree = "<group>"; };
		0BB3ED241E7E461000BF74CE /* sample_template.txt */ = {isa = PBXFileReference; fileEncoding = 4; lastKnownFileType = text; path = sample_template.txt; sourceTree = "<group>"; };
		0BB3ED251E7E461000BF74CE /* Source Code License.rtf */ = {isa = PBXFileReference; fileEncoding = 4; lastKnownFileType = text.rtf; path = "Source Code License.rtf"; sourceTree = "<group>"; };
		0BB3ED261E7E461000BF74CE /* Writing Filters.md */ = {isa = PBXFileReference; fileEncoding = 4; lastKnownFileType = net.daringfireball.markdown; path = "Writing Filters.md"; sourceTree = "<group>"; };
		0BB3ED271E7E461000BF74CE /* Writing Markers.md */ = {isa = PBXFileReference; fileEncoding = 4; lastKnownFileType = net.daringfireball.markdown; path = "Writing Markers.md"; sourceTree = "<group>"; };
		0BB3ED281E7E461000BF74CE /* Writing Matchers.md */ = {isa = PBXFileReference; fileEncoding = 4; lastKnownFileType = net.daringfireball.markdown; path = "Writing Matchers.md"; sourceTree = "<group>"; };
		0BB3ED431E7E495A00BF74CE /* test.html */ = {isa = PBXFileReference; fileEncoding = 4; lastKnownFileType = text.html; path = test.html; sourceTree = "<group>"; };
		0BB3ED4B1E7E55CB00BF74CE /* libicucore.tbd */ = {isa = PBXFileReference; lastKnownFileType = "sourcecode.text-based-dylib-definition"; name = libicucore.tbd; path = usr/lib/libicucore.tbd; sourceTree = SDKROOT; };
		0BB3ED4D1E7E55F200BF74CE /* libc++.tbd */ = {isa = PBXFileReference; lastKnownFileType = "sourcecode.text-based-dylib-definition"; name = "libc++.tbd"; path = "usr/lib/libc++.tbd"; sourceTree = SDKROOT; };
		0BB3ED4F1E7E55FA00BF74CE /* libc.tbd */ = {isa = PBXFileReference; lastKnownFileType = "sourcecode.text-based-dylib-definition"; name = libc.tbd; path = usr/lib/libc.tbd; sourceTree = SDKROOT; };
		1F1B8A09C1A243C706BC3141 /* Pods-webViewJsHtmlUITests.debug.xcconfig */ = {isa = PBXFileReference; includeInIndex = 1; lastKnownFileType = text.xcconfig; name = "Pods-webViewJsHtmlUITests.debug.xcconfig"; path = "Pods/Target Support Files/Pods-webViewJsHtmlUITests/Pods-webViewJsHtmlUITests.debug.xcconfig"; sourceTree = "<group>"; };
		4D05BCDC25B3BC385D11F236 /* libPods-webViewJsHtmlTests.a */ = {isa = PBXFileReference; explicitFileType = archive.ar; includeInIndex = 0; path = "libPods-webViewJsHtmlTests.a"; sourceTree = BUILT_PRODUCTS_DIR; };
		68DE34D45521DA964A197C27 /* Pods-webViewJsHtml.debug.xcconfig */ = {isa = PBXFileReference; includeInIndex = 1; lastKnownFileType = text.xcconfig; name = "Pods-webViewJsHtml.debug.xcconfig"; path = "Pods/Target Support Files/Pods-webViewJsHtml/Pods-webViewJsHtml.debug.xcconfig"; sourceTree = "<group>"; };
		93F1C7517EEEC4EE3573BC3D /* Pods-webViewJsHtmlUITests.release.xcconfig */ = {isa = PBXFileReference; includeInIndex = 1; lastKnownFileType = text.xcconfig; name = "Pods-webViewJsHtmlUITests.release.xcconfig"; path = "Pods/Target Support Files/Pods-webViewJsHtmlUITests/Pods-webViewJsHtmlUITests.release.xcconfig"; sourceTree = "<group>"; };
		A6601792EC19693CDE5EE660 /* Pods-webViewJsHtmlTests.debug.xcconfig */ = {isa = PBXFileReference; includeInIndex = 1; lastKnownFileType = text.xcconfig; name = "Pods-webViewJsHtmlTests.debug.xcconfig"; path = "Pods/Target Support Files/Pods-webViewJsHtmlTests/Pods-webViewJsHtmlTests.debug.xcconfig"; sourceTree = "<group>"; };
		B6EA0C849DE10C37D36771CB /* Pods-webViewJsHtmlTests.release.xcconfig */ = {isa = PBXFileReference; includeInIndex = 1; lastKnownFileType = text.xcconfig; name = "Pods-webViewJsHtmlTests.release.xcconfig"; path = "Pods/Target Support Files/Pods-webViewJsHtmlTests/Pods-webViewJsHtmlTests.release.xcconfig"; sourceTree = "<group>"; };
		BB739F988B1881FD21B386ED /* libPods-webViewJsHtml.a */ = {isa = PBXFileReference; explicitFileType = archive.ar; includeInIndex = 0; path = "libPods-webViewJsHtml.a"; sourceTree = BUILT_PRODUCTS_DIR; };
		E736E7558BEA1DB10CA49EAF /* libPods-webViewJsHtmlUITests.a */ = {isa = PBXFileReference; explicitFileType = archive.ar; includeInIndex = 0; path = "libPods-webViewJsHtmlUITests.a"; sourceTree = BUILT_PRODUCTS_DIR; };
		F9944BDDDA7B2E75F2221B20 /* Pods-webViewJsHtml.release.xcconfig */ = {isa = PBXFileReference; includeInIndex = 1; lastKnownFileType = text.xcconfig; name = "Pods-webViewJsHtml.release.xcconfig"; path = "Pods/Target Support Files/Pods-webViewJsHtml/Pods-webViewJsHtml.release.xcconfig"; sourceTree = "<group>"; };
/* End PBXFileReference section */

/* Begin PBXFrameworksBuildPhase section */
		0B0259BB1E7E330F00247B9C /* Frameworks */ = {
			isa = PBXFrameworksBuildPhase;
			buildActionMask = 2147483647;
			files = (
				0BB3ED501E7E55FA00BF74CE /* libc.tbd in Frameworks */,
				0BB3ED4E1E7E55F200BF74CE /* libc++.tbd in Frameworks */,
				0BB3ED4C1E7E55CB00BF74CE /* libicucore.tbd in Frameworks */,
				59E49EC6D45C56564CF716EF /* libPods-webViewJsHtml.a in Frameworks */,
			);
			runOnlyForDeploymentPostprocessing = 0;
		};
		0B0259D71E7E330F00247B9C /* Frameworks */ = {
			isa = PBXFrameworksBuildPhase;
			buildActionMask = 2147483647;
			files = (
				944DD11EF37BCA9789377E92 /* libPods-webViewJsHtmlTests.a in Frameworks */,
			);
			runOnlyForDeploymentPostprocessing = 0;
		};
		0B0259E21E7E330F00247B9C /* Frameworks */ = {
			isa = PBXFrameworksBuildPhase;
			buildActionMask = 2147483647;
			files = (
				0E9D2C0C78E8FFF993636C57 /* libPods-webViewJsHtmlUITests.a in Frameworks */,
			);
			runOnlyForDeploymentPostprocessing = 0;
		};
/* End PBXFrameworksBuildPhase section */

/* Begin PBXGroup section */
		0B0259B51E7E330F00247B9C = {
			isa = PBXGroup;
			children = (
				0B0259C01E7E330F00247B9C /* webViewJsHtml */,
				0B0259DD1E7E330F00247B9C /* webViewJsHtmlTests */,
				0B0259E81E7E330F00247B9C /* webViewJsHtmlUITests */,
				0B0259BF1E7E330F00247B9C /* Products */,
				0BB3ED4A1E7E55CB00BF74CE /* Frameworks */,
				D3EBDB7BF6E1FF9DD385D84B /* Pods */,
			);
			sourceTree = "<group>";
		};
		0B0259BF1E7E330F00247B9C /* Products */ = {
			isa = PBXGroup;
			children = (
				0B0259BE1E7E330F00247B9C /* webViewJsHtml.app */,
				0B0259DA1E7E330F00247B9C /* webViewJsHtmlTests.xctest */,
				0B0259E51E7E330F00247B9C /* webViewJsHtmlUITests.xctest */,
			);
			name = Products;
			sourceTree = "<group>";
		};
		0B0259C01E7E330F00247B9C /* webViewJsHtml */ = {
			isa = PBXGroup;
			children = (
				0BB3ED431E7E495A00BF74CE /* test.html */,
				0BB3ED021E7E461000BF74CE /* libs */,
				0B0259C41E7E330F00247B9C /* AppDelegate.h */,
				0B0259C51E7E330F00247B9C /* AppDelegate.m */,
				0B0259C71E7E330F00247B9C /* ViewController.h */,
				0B0259C81E7E330F00247B9C /* ViewController.m */,
				0B0259CA1E7E330F00247B9C /* Main.storyboard */,
				0B0259D01E7E330F00247B9C /* Assets.xcassets */,
				0B0259D21E7E330F00247B9C /* LaunchScreen.storyboard */,
				0B0259D51E7E330F00247B9C /* Info.plist */,
				0B0259CD1E7E330F00247B9C /* webViewJsHtml.xcdatamodeld */,
				0B0259C11E7E330F00247B9C /* Supporting Files */,
			);
			path = webViewJsHtml;
			sourceTree = "<group>";
		};
		0B0259C11E7E330F00247B9C /* Supporting Files */ = {
			isa = PBXGroup;
			children = (
				0B0259C21E7E330F00247B9C /* main.m */,
			);
			name = "Supporting Files";
			sourceTree = "<group>";
		};
		0B0259DD1E7E330F00247B9C /* webViewJsHtmlTests */ = {
			isa = PBXGroup;
			children = (
				0B0259DE1E7E330F00247B9C /* webViewJsHtmlTests.m */,
				0B0259E01E7E330F00247B9C /* Info.plist */,
			);
			path = webViewJsHtmlTests;
			sourceTree = "<group>";
		};
		0B0259E81E7E330F00247B9C /* webViewJsHtmlUITests */ = {
			isa = PBXGroup;
			children = (
				0B0259E91E7E330F00247B9C /* webViewJsHtmlUITests.m */,
				0B0259EB1E7E330F00247B9C /* Info.plist */,
			);
			path = webViewJsHtmlUITests;
			sourceTree = "<group>";
		};
		0BB3ED021E7E461000BF74CE /* libs */ = {
			isa = PBXGroup;
			children = (
				0BB3ED031E7E461000BF74CE /* MGTemplateEngine */,
			);
			path = libs;
			sourceTree = "<group>";
		};
		0BB3ED031E7E461000BF74CE /* MGTemplateEngine */ = {
			isa = PBXGroup;
			children = (
				0BB3ED041E7E461000BF74CE /* .gitignore */,
				0BB3ED051E7E461000BF74CE /* AppController.h */,
				0BB3ED061E7E461000BF74CE /* AppController.m */,
				0BB3ED071E7E461000BF74CE /* DeepMutableCopy.h */,
				0BB3ED081E7E461000BF74CE /* InfoPlist.strings */,
				0BB3ED0A1E7E461000BF74CE /* MainMenu.xib */,
				0BB3ED0C1E7E461000BF74CE /* ICUTemplateMatcher.h */,
				0BB3ED0D1E7E461000BF74CE /* ICUTemplateMatcher.m */,
				0BB3ED0E1E7E461000BF74CE /* Info.plist */,
				0BB3ED0F1E7E461000BF74CE /* main.m */,
				0BB3ED101E7E461000BF74CE /* MGTemplateEngine.h */,
				0BB3ED111E7E461000BF74CE /* MGTemplateEngine.m */,
				0BB3ED121E7E461000BF74CE /* MGTemplateEngine.xcodeproj */,
				0BB3ED151E7E461000BF74CE /* MGTemplateEngine_Prefix.pch */,
				0BB3ED161E7E461000BF74CE /* MGTemplateEngineTests */,
				0BB3ED191E7E461000BF74CE /* MGTemplateFilter.h */,
				0BB3ED1A1E7E461000BF74CE /* MGTemplateMarker.h */,
				0BB3ED1B1E7E461000BF74CE /* MGTemplateStandardFilters.h */,
				0BB3ED1C1E7E461000BF74CE /* MGTemplateStandardFilters.m */,
				0BB3ED1D1E7E461000BF74CE /* MGTemplateStandardMarkers.h */,
				0BB3ED1E1E7E461000BF74CE /* MGTemplateStandardMarkers.m */,
				0BB3ED1F1E7E461000BF74CE /* NSArray_DeepMutableCopy.h */,
				0BB3ED201E7E461000BF74CE /* NSArray_DeepMutableCopy.m */,
				0BB3ED211E7E461000BF74CE /* NSDictionary_DeepMutableCopy.h */,
				0BB3ED221E7E461000BF74CE /* NSDictionary_DeepMutableCopy.m */,
				0BB3ED231E7E461000BF74CE /* README.md */,
				0BB3ED241E7E461000BF74CE /* sample_template.txt */,
				0BB3ED251E7E461000BF74CE /* Source Code License.rtf */,
				0BB3ED261E7E461000BF74CE /* Writing Filters.md */,
				0BB3ED271E7E461000BF74CE /* Writing Markers.md */,
				0BB3ED281E7E461000BF74CE /* Writing Matchers.md */,
			);
			path = MGTemplateEngine;
			sourceTree = "<group>";
		};
		0BB3ED131E7E461000BF74CE /* Products */ = {
			isa = PBXGroup;
			children = (
				0BB3ED401E7E461000BF74CE /* MGTemplateEngine.app */,
				0BB3ED421E7E461000BF74CE /* MGTemplateEngineTests.xctest */,
			);
			name = Products;
			sourceTree = "<group>";
		};
		0BB3ED161E7E461000BF74CE /* MGTemplateEngineTests */ = {
			isa = PBXGroup;
			children = (
				0BB3ED171E7E461000BF74CE /* Info.plist */,
				0BB3ED181E7E461000BF74CE /* MGTemplateEngineTests.m */,
			);
			path = MGTemplateEngineTests;
			sourceTree = "<group>";
		};
		0BB3ED4A1E7E55CB00BF74CE /* Frameworks */ = {
			isa = PBXGroup;
			children = (
				0BB3ED4F1E7E55FA00BF74CE /* libc.tbd */,
				0BB3ED4D1E7E55F200BF74CE /* libc++.tbd */,
				0BB3ED4B1E7E55CB00BF74CE /* libicucore.tbd */,
				BB739F988B1881FD21B386ED /* libPods-webViewJsHtml.a */,
				4D05BCDC25B3BC385D11F236 /* libPods-webViewJsHtmlTests.a */,
				E736E7558BEA1DB10CA49EAF /* libPods-webViewJsHtmlUITests.a */,
			);
			name = Frameworks;
			sourceTree = "<group>";
		};
		D3EBDB7BF6E1FF9DD385D84B /* Pods */ = {
			isa = PBXGroup;
			children = (
				68DE34D45521DA964A197C27 /* Pods-webViewJsHtml.debug.xcconfig */,
				F9944BDDDA7B2E75F2221B20 /* Pods-webViewJsHtml.release.xcconfig */,
				A6601792EC19693CDE5EE660 /* Pods-webViewJsHtmlTests.debug.xcconfig */,
				B6EA0C849DE10C37D36771CB /* Pods-webViewJsHtmlTests.release.xcconfig */,
				1F1B8A09C1A243C706BC3141 /* Pods-webViewJsHtmlUITests.debug.xcconfig */,
				93F1C7517EEEC4EE3573BC3D /* Pods-webViewJsHtmlUITests.release.xcconfig */,
			);
			name = Pods;
			sourceTree = "<group>";
		};
/* End PBXGroup section */

/* Begin PBXNativeTarget section */
		0B0259BD1E7E330F00247B9C /* webViewJsHtml */ = {
			isa = PBXNativeTarget;
			buildConfigurationList = 0B0259EE1E7E330F00247B9C /* Build configuration list for PBXNativeTarget "webViewJsHtml" */;
			buildPhases = (
				0F5EB8A26724658012146858 /* [CP] Check Pods Manifest.lock */,
				0B0259BA1E7E330F00247B9C /* Sources */,
				0B0259BB1E7E330F00247B9C /* Frameworks */,
				0B0259BC1E7E330F00247B9C /* Resources */,
				5CBBD32555644A3EACFD94DA /* [CP] Embed Pods Frameworks */,
				407D20E2402E107002D9D6EB /* [CP] Copy Pods Resources */,
			);
			buildRules = (
			);
			dependencies = (
			);
			name = webViewJsHtml;
			productName = webViewJsHtml;
			productReference = 0B0259BE1E7E330F00247B9C /* webViewJsHtml.app */;
			productType = "com.apple.product-type.application";
		};
		0B0259D91E7E330F00247B9C /* webViewJsHtmlTests */ = {
			isa = PBXNativeTarget;
			buildConfigurationList = 0B0259F11E7E330F00247B9C /* Build configuration list for PBXNativeTarget "webViewJsHtmlTests" */;
			buildPhases = (
				047D299CDC7E58E719FAED4B /* [CP] Check Pods Manifest.lock */,
				0B0259D61E7E330F00247B9C /* Sources */,
				0B0259D71E7E330F00247B9C /* Frameworks */,
				0B0259D81E7E330F00247B9C /* Resources */,
				2E148BE352C60758EF6E0040 /* [CP] Embed Pods Frameworks */,
				97F1F9CDDFBAE29473AF12A4 /* [CP] Copy Pods Resources */,
			);
			buildRules = (
			);
			dependencies = (
				0B0259DC1E7E330F00247B9C /* PBXTargetDependency */,
			);
			name = webViewJsHtmlTests;
			productName = webViewJsHtmlTests;
			productReference = 0B0259DA1E7E330F00247B9C /* webViewJsHtmlTests.xctest */;
			productType = "com.apple.product-type.bundle.unit-test";
		};
		0B0259E41E7E330F00247B9C /* webViewJsHtmlUITests */ = {
			isa = PBXNativeTarget;
			buildConfigurationList = 0B0259F41E7E330F00247B9C /* Build configuration list for PBXNativeTarget "webViewJsHtmlUITests" */;
			buildPhases = (
				47EF0B2009D0C2E5BBAC2B1B /* [CP] Check Pods Manifest.lock */,
				0B0259E11E7E330F00247B9C /* Sources */,
				0B0259E21E7E330F00247B9C /* Frameworks */,
				0B0259E31E7E330F00247B9C /* Resources */,
				6EA2FE09B95EB21A687B08A0 /* [CP] Embed Pods Frameworks */,
				659E94CCFCB8DC3EB12AC95D /* [CP] Copy Pods Resources */,
			);
			buildRules = (
			);
			dependencies = (
				0B0259E71E7E330F00247B9C /* PBXTargetDependency */,
			);
			name = webViewJsHtmlUITests;
			productName = webViewJsHtmlUITests;
			productReference = 0B0259E51E7E330F00247B9C /* webViewJsHtmlUITests.xctest */;
			productType = "com.apple.product-type.bundle.ui-testing";
		};
/* End PBXNativeTarget section */

/* Begin PBXProject section */
		0B0259B61E7E330F00247B9C /* Project object */ = {
			isa = PBXProject;
			attributes = {
				LastUpgradeCheck = 0820;
				ORGANIZATIONNAME = LDY;
				TargetAttributes = {
					0B0259BD1E7E330F00247B9C = {
						CreatedOnToolsVersion = 8.2.1;
						DevelopmentTeam = 2PG34PH6C8;
						ProvisioningStyle = Automatic;
					};
					0B0259D91E7E330F00247B9C = {
						CreatedOnToolsVersion = 8.2.1;
						DevelopmentTeam = ELYXV54F6A;
						ProvisioningStyle = Automatic;
						TestTargetID = 0B0259BD1E7E330F00247B9C;
					};
					0B0259E41E7E330F00247B9C = {
						CreatedOnToolsVersion = 8.2.1;
						DevelopmentTeam = ELYXV54F6A;
						ProvisioningStyle = Automatic;
						TestTargetID = 0B0259BD1E7E330F00247B9C;
					};
				};
			};
			buildConfigurationList = 0B0259B91E7E330F00247B9C /* Build configuration list for PBXProject "webViewJsHtml" */;
			compatibilityVersion = "Xcode 3.2";
			developmentRegion = English;
			hasScannedForEncodings = 0;
			knownRegions = (
				en,
				Base,
				English,
			);
			mainGroup = 0B0259B51E7E330F00247B9C;
			productRefGroup = 0B0259BF1E7E330F00247B9C /* Products */;
			projectDirPath = "";
			projectReferences = (
				{
					ProductGroup = 0BB3ED131E7E461000BF74CE /* Products */;
					ProjectRef = 0BB3ED121E7E461000BF74CE /* MGTemplateEngine.xcodeproj */;
				},
			);
			projectRoot = "";
			targets = (
				0B0259BD1E7E330F00247B9C /* webViewJsHtml */,
				0B0259D91E7E330F00247B9C /* webViewJsHtmlTests */,
				0B0259E41E7E330F00247B9C /* webViewJsHtmlUITests */,
			);
		};
/* End PBXProject section */

/* Begin PBXReferenceProxy section */
		0BB3ED401E7E461000BF74CE /* MGTemplateEngine.app */ = {
			isa = PBXReferenceProxy;
			fileType = wrapper.application;
			path = MGTemplateEngine.app;
			remoteRef = 0BB3ED3F1E7E461000BF74CE /* PBXContainerItemProxy */;
			sourceTree = BUILT_PRODUCTS_DIR;
		};
		0BB3ED421E7E461000BF74CE /* MGTemplateEngineTests.xctest */ = {
			isa = PBXReferenceProxy;
			fileType = wrapper.cfbundle;
			path = MGTemplateEngineTests.xctest;
			remoteRef = 0BB3ED411E7E461000BF74CE /* PBXContainerItemProxy */;
			sourceTree = BUILT_PRODUCTS_DIR;
		};
/* End PBXReferenceProxy section */

/* Begin PBXResourcesBuildPhase section */
		0B0259BC1E7E330F00247B9C /* Resources */ = {
			isa = PBXResourcesBuildPhase;
			buildActionMask = 2147483647;
			files = (
				0B0259D41E7E330F00247B9C /* LaunchScreen.storyboard in Resources */,
				0B0259D11E7E330F00247B9C /* Assets.xcassets in Resources */,
				0B0259CC1E7E330F00247B9C /* Main.storyboard in Resources */,
				0BB3ED441E7E495A00BF74CE /* test.html in Resources */,
			);
			runOnlyForDeploymentPostprocessing = 0;
		};
		0B0259D81E7E330F00247B9C /* Resources */ = {
			isa = PBXResourcesBuildPhase;
			buildActionMask = 2147483647;
			files = (
				0BB3ED451E7E495A00BF74CE /* test.html in Resources */,
			);
			runOnlyForDeploymentPostprocessing = 0;
		};
		0B0259E31E7E330F00247B9C /* Resources */ = {
			isa = PBXResourcesBuildPhase;
			buildActionMask = 2147483647;
			files = (
				0BB3ED461E7E495A00BF74CE /* test.html in Resources */,
			);
			runOnlyForDeploymentPostprocessing = 0;
		};
/* End PBXResourcesBuildPhase section */

/* Begin PBXShellScriptBuildPhase section */
		047D299CDC7E58E719FAED4B /* [CP] Check Pods Manifest.lock */ = {
			isa = PBXShellScriptBuildPhase;
			buildActionMask = 2147483647;
			files = (
			);
			inputPaths = (
			);
			name = "[CP] Check Pods Manifest.lock";
			outputPaths = (
			);
			runOnlyForDeploymentPostprocessing = 0;
			shellPath = /bin/sh;
			shellScript = "diff \"${PODS_ROOT}/../Podfile.lock\" \"${PODS_ROOT}/Manifest.lock\" > /dev/null\nif [ $? != 0 ] ; then\n    # print error to STDERR\n    echo \"error: The sandbox is not in sync with the Podfile.lock. Run 'pod install' or update your CocoaPods installation.\" >&2\n    exit 1\nfi\n";
			showEnvVarsInLog = 0;
		};
		0F5EB8A26724658012146858 /* [CP] Check Pods Manifest.lock */ = {
			isa = PBXShellScriptBuildPhase;
			buildActionMask = 2147483647;
			files = (
			);
			inputPaths = (
			);
			name = "[CP] Check Pods Manifest.lock";
			outputPaths = (
			);
			runOnlyForDeploymentPostprocessing = 0;
			shellPath = /bin/sh;
			shellScript = "diff \"${PODS_ROOT}/../Podfile.lock\" \"${PODS_ROOT}/Manifest.lock\" > /dev/null\nif [ $? != 0 ] ; then\n    # print error to STDERR\n    echo \"error: The sandbox is not in sync with the Podfile.lock. Run 'pod install' or update your CocoaPods installation.\" >&2\n    exit 1\nfi\n";
			showEnvVarsInLog = 0;
		};
		2E148BE352C60758EF6E0040 /* [CP] Embed Pods Frameworks */ = {
			isa = PBXShellScriptBuildPhase;
			buildActionMask = 2147483647;
			files = (
			);
			inputPaths = (
			);
			name = "[CP] Embed Pods Frameworks";
			outputPaths = (
			);
			runOnlyForDeploymentPostprocessing = 0;
			shellPath = /bin/sh;
			shellScript = "\"${SRCROOT}/Pods/Target Support Files/Pods-webViewJsHtmlTests/Pods-webViewJsHtmlTests-frameworks.sh\"\n";
			showEnvVarsInLog = 0;
		};
		407D20E2402E107002D9D6EB /* [CP] Copy Pods Resources */ = {
			isa = PBXShellScriptBuildPhase;
			buildActionMask = 2147483647;
			files = (
			);
			inputPaths = (
			);
			name = "[CP] Copy Pods Resources";
			outputPaths = (
			);
			runOnlyForDeploymentPostprocessing = 0;
			shellPath = /bin/sh;
			shellScript = "\"${SRCROOT}/Pods/Target Support Files/Pods-webViewJsHtml/Pods-webViewJsHtml-resources.sh\"\n";
			showEnvVarsInLog = 0;
		};
		47EF0B2009D0C2E5BBAC2B1B /* [CP] Check Pods Manifest.lock */ = {
			isa = PBXShellScriptBuildPhase;
			buildActionMask = 2147483647;
			files = (
			);
			inputPaths = (
			);
			name = "[CP] Check Pods Manifest.lock";
			outputPaths = (
			);
			runOnlyForDeploymentPostprocessing = 0;
			shellPath = /bin/sh;
			shellScript = "diff \"${PODS_ROOT}/../Podfile.lock\" \"${PODS_ROOT}/Manifest.lock\" > /dev/null\nif [ $? != 0 ] ; then\n    # print error to STDERR\n    echo \"error: The sandbox is not in sync with the Podfile.lock. Run 'pod install' or update your CocoaPods installation.\" >&2\n    exit 1\nfi\n";
			showEnvVarsInLog = 0;
		};
		5CBBD32555644A3EACFD94DA /* [CP] Embed Pods Frameworks */ = {
			isa = PBXShellScriptBuildPhase;
			buildActionMask = 2147483647;
			files = (
			);
			inputPaths = (
			);
			name = "[CP] Embed Pods Frameworks";
			outputPaths = (
			);
			runOnlyForDeploymentPostprocessing = 0;
			shellPath = /bin/sh;
			shellScript = "\"${SRCROOT}/Pods/Target Support Files/Pods-webViewJsHtml/Pods-webViewJsHtml-frameworks.sh\"\n";
			showEnvVarsInLog = 0;
		};
		659E94CCFCB8DC3EB12AC95D /* [CP] Copy Pods Resources */ = {
			isa = PBXShellScriptBuildPhase;
			buildActionMask = 2147483647;
			files = (
			);
			inputPaths = (
			);
			name = "[CP] Copy Pods Resources";
			outputPaths = (
			);
			runOnlyForDeploymentPostprocessing = 0;
			shellPath = /bin/sh;
			shellScript = "\"${SRCROOT}/Pods/Target Support Files/Pods-webViewJsHtmlUITests/Pods-webViewJsHtmlUITests-resources.sh\"\n";
			showEnvVarsInLog = 0;
		};
		6EA2FE09B95EB21A687B08A0 /* [CP] Embed Pods Frameworks */ = {
			isa = PBXShellScriptBuildPhase;
			buildActionMask = 2147483647;
			files = (
			);
			inputPaths = (
			);
			name = "[CP] Embed Pods Frameworks";
			outputPaths = (
			);
			runOnlyForDeploymentPostprocessing = 0;
			shellPath = /bin/sh;
			shellScript = "\"${SRCROOT}/Pods/Target Support Files/Pods-webViewJsHtmlUITests/Pods-webViewJsHtmlUITests-frameworks.sh\"\n";
			showEnvVarsInLog = 0;
		};
		97F1F9CDDFBAE29473AF12A4 /* [CP] Copy Pods Resources */ = {
			isa = PBXShellScriptBuildPhase;
			buildActionMask = 2147483647;
			files = (
			);
			inputPaths = (
			);
			name = "[CP] Copy Pods Resources";
			outputPaths = (
			);
			runOnlyForDeploymentPostprocessing = 0;
			shellPath = /bin/sh;
			shellScript = "\"${SRCROOT}/Pods/Target Support Files/Pods-webViewJsHtmlTests/Pods-webViewJsHtmlTests-resources.sh\"\n";
			showEnvVarsInLog = 0;
		};
/* End PBXShellScriptBuildPhase section */

/* Begin PBXSourcesBuildPhase section */
		0B0259BA1E7E330F00247B9C /* Sources */ = {
			isa = PBXSourcesBuildPhase;
			buildActionMask = 2147483647;
			files = (
				0B0259C91E7E330F00247B9C /* ViewController.m in Sources */,
				0B0259CF1E7E330F00247B9C /* webViewJsHtml.xcdatamodeld in Sources */,
				0B0259C61E7E330F00247B9C /* AppDelegate.m in Sources */,
				0B0259C31E7E330F00247B9C /* main.m in Sources */,
			);
			runOnlyForDeploymentPostprocessing = 0;
		};
		0B0259D61E7E330F00247B9C /* Sources */ = {
			isa = PBXSourcesBuildPhase;
			buildActionMask = 2147483647;
			files = (
				0B0259DF1E7E330F00247B9C /* webViewJsHtmlTests.m in Sources */,
			);
			runOnlyForDeploymentPostprocessing = 0;
		};
		0B0259E11E7E330F00247B9C /* Sources */ = {
			isa = PBXSourcesBuildPhase;
			buildActionMask = 2147483647;
			files = (
				0B0259EA1E7E330F00247B9C /* webViewJsHtmlUITests.m in Sources */,
			);
			runOnlyForDeploymentPostprocessing = 0;
		};
/* End PBXSourcesBuildPhase section */

/* Begin PBXTargetDependency section */
		0B0259DC1E7E330F00247B9C /* PBXTargetDependency */ = {
			isa = PBXTargetDependency;
			target = 0B0259BD1E7E330F00247B9C /* webViewJsHtml */;
			targetProxy = 0B0259DB1E7E330F00247B9C /* PBXContainerItemProxy */;
		};
		0B0259E71E7E330F00247B9C /* PBXTargetDependency */ = {
			isa = PBXTargetDependency;
			target = 0B0259BD1E7E330F00247B9C /* webViewJsHtml */;
			targetProxy = 0B0259E61E7E330F00247B9C /* PBXContainerItemProxy */;
		};
/* End PBXTargetDependency section */

/* Begin PBXVariantGroup section */
		0B0259CA1E7E330F00247B9C /* Main.storyboard */ = {
			isa = PBXVariantGroup;
			children = (
				0B0259CB1E7E330F00247B9C /* Base */,
			);
			name = Main.storyboard;
			sourceTree = "<group>";
		};
		0B0259D21E7E330F00247B9C /* LaunchScreen.storyboard */ = {
			isa = PBXVariantGroup;
			children = (
				0B0259D31E7E330F00247B9C /* Base */,
			);
			name = LaunchScreen.storyboard;
			sourceTree = "<group>";
		};
		0BB3ED081E7E461000BF74CE /* InfoPlist.strings */ = {
			isa = PBXVariantGroup;
			children = (
				0BB3ED091E7E461000BF74CE /* English */,
			);
			name = InfoPlist.strings;
			sourceTree = "<group>";
		};
		0BB3ED0A1E7E461000BF74CE /* MainMenu.xib */ = {
			isa = PBXVariantGroup;
			children = (
				0BB3ED0B1E7E461000BF74CE /* English */,
			);
			name = MainMenu.xib;
			sourceTree = "<group>";
		};
/* End PBXVariantGroup section */

/* Begin XCBuildConfiguration section */
		0B0259EC1E7E330F00247B9C /* Debug */ = {
			isa = XCBuildConfiguration;
			buildSettings = {
				ALWAYS_SEARCH_USER_PATHS = NO;
				CLANG_ANALYZER_NONNULL = YES;
				CLANG_CXX_LANGUAGE_STANDARD = "gnu++0x";
				CLANG_CXX_LIBRARY = "libc++";
				CLANG_ENABLE_MODULES = YES;
				CLANG_ENABLE_OBJC_ARC = YES;
				CLANG_WARN_BOOL_CONVERSION = YES;
				CLANG_WARN_CONSTANT_CONVERSION = YES;
				CLANG_WARN_DIRECT_OBJC_ISA_USAGE = YES_ERROR;
				CLANG_WARN_DOCUMENTATION_COMMENTS = YES;
				CLANG_WARN_EMPTY_BODY = YES;
				CLANG_WARN_ENUM_CONVERSION = YES;
				CLANG_WARN_INFINITE_RECURSION = YES;
				CLANG_WARN_INT_CONVERSION = YES;
				CLANG_WARN_OBJC_ROOT_CLASS = YES_ERROR;
				CLANG_WARN_SUSPICIOUS_MOVE = YES;
				CLANG_WARN_UNREACHABLE_CODE = YES;
				CLANG_WARN__DUPLICATE_METHOD_MATCH = YES;
				"CODE_SIGN_IDENTITY[sdk=iphoneos*]" = "iPhone Developer";
				COPY_PHASE_STRIP = NO;
				DEBUG_INFORMATION_FORMAT = dwarf;
				ENABLE_STRICT_OBJC_MSGSEND = YES;
				ENABLE_TESTABILITY = YES;
				GCC_C_LANGUAGE_STANDARD = gnu99;
				GCC_DYNAMIC_NO_PIC = NO;
				GCC_NO_COMMON_BLOCKS = YES;
				GCC_OPTIMIZATION_LEVEL = 0;
				GCC_PREPROCESSOR_DEFINITIONS = (
					"DEBUG=1",
					"$(inherited)",
				);
				GCC_WARN_64_TO_32_BIT_CONVERSION = YES;
				GCC_WARN_ABOUT_RETURN_TYPE = YES_ERROR;
				GCC_WARN_UNDECLARED_SELECTOR = YES;
				GCC_WARN_UNINITIALIZED_AUTOS = YES_AGGRESSIVE;
				GCC_WARN_UNUSED_FUNCTION = YES;
				GCC_WARN_UNUSED_VARIABLE = YES;
				IPHONEOS_DEPLOYMENT_TARGET = 10.2;
				MTL_ENABLE_DEBUG_INFO = YES;
				ONLY_ACTIVE_ARCH = YES;
				SDKROOT = iphoneos;
				TARGETED_DEVICE_FAMILY = "1,2";
			};
			name = Debug;
		};
		0B0259ED1E7E330F00247B9C /* Release */ = {
			isa = XCBuildConfiguration;
			buildSettings = {
				ALWAYS_SEARCH_USER_PATHS = NO;
				CLANG_ANALYZER_NONNULL = YES;
				CLANG_CXX_LANGUAGE_STANDARD = "gnu++0x";
				CLANG_CXX_LIBRARY = "libc++";
				CLANG_ENABLE_MODULES = YES;
				CLANG_ENABLE_OBJC_ARC = YES;
				CLANG_WARN_BOOL_CONVERSION = YES;
				CLANG_WARN_CONSTANT_CONVERSION = YES;
				CLANG_WARN_DIRECT_OBJC_ISA_USAGE = YES_ERROR;
				CLANG_WARN_DOCUMENTATION_COMMENTS = YES;
				CLANG_WARN_EMPTY_BODY = YES;
				CLANG_WARN_ENUM_CONVERSION = YES;
				CLANG_WARN_INFINITE_RECURSION = YES;
				CLANG_WARN_INT_CONVERSION = YES;
				CLANG_WARN_OBJC_ROOT_CLASS = YES_ERROR;
				CLANG_WARN_SUSPICIOUS_MOVE = YES;
				CLANG_WARN_UNREACHABLE_CODE = YES;
				CLANG_WARN__DUPLICATE_METHOD_MATCH = YES;
				"CODE_SIGN_IDENTITY[sdk=iphoneos*]" = "iPhone Developer";
				COPY_PHASE_STRIP = NO;
				DEBUG_INFORMATION_FORMAT = "dwarf-with-dsym";
				ENABLE_NS_ASSERTIONS = NO;
				ENABLE_STRICT_OBJC_MSGSEND = YES;
				GCC_C_LANGUAGE_STANDARD = gnu99;
				GCC_NO_COMMON_BLOCKS = YES;
				GCC_WARN_64_TO_32_BIT_CONVERSION = YES;
				GCC_WARN_ABOUT_RETURN_TYPE = YES_ERROR;
				GCC_WARN_UNDECLARED_SELECTOR = YES;
				GCC_WARN_UNINITIALIZED_AUTOS = YES_AGGRESSIVE;
				GCC_WARN_UNUSED_FUNCTION = YES;
				GCC_WARN_UNUSED_VARIABLE = YES;
				IPHONEOS_DEPLOYMENT_TARGET = 10.2;
				MTL_ENABLE_DEBUG_INFO = NO;
				SDKROOT = iphoneos;
				TARGETED_DEVICE_FAMILY = "1,2";
				VALIDATE_PRODUCT = YES;
			};
			name = Release;
		};
		0B0259EF1E7E330F00247B9C /* Debug */ = {
			isa = XCBuildConfiguration;
			baseConfigurationReference = 68DE34D45521DA964A197C27 /* Pods-webViewJsHtml.debug.xcconfig */;
			buildSettings = {
				ASSETCATALOG_COMPILER_APPICON_NAME = AppIcon;
				DEVELOPMENT_TEAM = 2PG34PH6C8;
				INFOPLIST_FILE = webViewJsHtml/Info.plist;
				LD_RUNPATH_SEARCH_PATHS = "$(inherited) @executable_path/Frameworks";
				PRODUCT_BUNDLE_IDENTIFIER = com.QianHaiLDY.zucheStaff;
				PRODUCT_NAME = "$(TARGET_NAME)";
			};
			name = Debug;
		};
		0B0259F01E7E330F00247B9C /* Release */ = {
			isa = XCBuildConfiguration;
			baseConfigurationReference = F9944BDDDA7B2E75F2221B20 /* Pods-webViewJsHtml.release.xcconfig */;
			buildSettings = {
				ASSETCATALOG_COMPILER_APPICON_NAME = AppIcon;
				DEVELOPMENT_TEAM = 2PG34PH6C8;
				INFOPLIST_FILE = webViewJsHtml/Info.plist;
				LD_RUNPATH_SEARCH_PATHS = "$(inherited) @executable_path/Frameworks";
				PRODUCT_BUNDLE_IDENTIFIER = com.QianHaiLDY.zucheStaff;
				PRODUCT_NAME = "$(TARGET_NAME)";
			};
			name = Release;
		};
		0B0259F21E7E330F00247B9C /* Debug */ = {
			isa = XCBuildConfiguration;
			baseConfigurationReference = A6601792EC19693CDE5EE660 /* Pods-webViewJsHtmlTests.debug.xcconfig */;
			buildSettings = {
				BUNDLE_LOADER = "$(TEST_HOST)";
				DEVELOPMENT_TEAM = ELYXV54F6A;
				INFOPLIST_FILE = webViewJsHtml/Info.plist;
				LD_RUNPATH_SEARCH_PATHS = "$(inherited) @executable_path/Frameworks @loader_path/Frameworks";
				PRODUCT_BUNDLE_IDENTIFIER = fengjing.webViewJsHtmlTests;
				PRODUCT_NAME = "$(TARGET_NAME)";
				TEST_HOST = "$(BUILT_PRODUCTS_DIR)/webViewJsHtml.app/webViewJsHtml";
			};
			name = Debug;
		};
		0B0259F31E7E330F00247B9C /* Release */ = {
			isa = XCBuildConfiguration;
			baseConfigurationReference = B6EA0C849DE10C37D36771CB /* Pods-webViewJsHtmlTests.release.xcconfig */;
			buildSettings = {
				BUNDLE_LOADER = "$(TEST_HOST)";
				DEVELOPMENT_TEAM = ELYXV54F6A;
				INFOPLIST_FILE = webViewJsHtml/Info.plist;
				LD_RUNPATH_SEARCH_PATHS = "$(inherited) @executable_path/Frameworks @loader_path/Frameworks";
				PRODUCT_BUNDLE_IDENTIFIER = fengjing.webViewJsHtmlTests;
				PRODUCT_NAME = "$(TARGET_NAME)";
				TEST_HOST = "$(BUILT_PRODUCTS_DIR)/webViewJsHtml.app/webViewJsHtml";
			};
			name = Release;
		};
		0B0259F51E7E330F00247B9C /* Debug */ = {
			isa = XCBuildConfiguration;
			baseConfigurationReference = 1F1B8A09C1A243C706BC3141 /* Pods-webViewJsHtmlUITests.debug.xcconfig */;
			buildSettings = {
				DEVELOPMENT_TEAM = ELYXV54F6A;
				INFOPLIST_FILE = webViewJsHtmlUITests/Info.plist;
				LD_RUNPATH_SEARCH_PATHS = "$(inherited) @executable_path/Frameworks @loader_path/Frameworks";
				PRODUCT_BUNDLE_IDENTIFIER = fengjing.webViewJsHtmlUITests;
				PRODUCT_NAME = "$(TARGET_NAME)";
				TEST_TARGET_NAME = webViewJsHtml;
			};
			name = Debug;
		};
		0B0259F61E7E330F00247B9C /* Release */ = {
			isa = XCBuildConfiguration;
			baseConfigurationReference = 93F1C7517EEEC4EE3573BC3D /* Pods-webViewJsHtmlUITests.release.xcconfig */;
			buildSettings = {
				DEVELOPMENT_TEAM = ELYXV54F6A;
				INFOPLIST_FILE = webViewJsHtmlUITests/Info.plist;
				LD_RUNPATH_SEARCH_PATHS = "$(inherited) @executable_path/Frameworks @loader_path/Frameworks";
				PRODUCT_BUNDLE_IDENTIFIER = fengjing.webViewJsHtmlUITests;
				PRODUCT_NAME = "$(TARGET_NAME)";
				TEST_TARGET_NAME = webViewJsHtml;
			};
			name = Release;
		};
/* End XCBuildConfiguration section */

/* Begin XCConfigurationList section */
		0B0259B91E7E330F00247B9C /* Build configuration list for PBXProject "webViewJsHtml" */ = {
			isa = XCConfigurationList;
			buildConfigurations = (
				0B0259EC1E7E330F00247B9C /* Debug */,
				0B0259ED1E7E330F00247B9C /* Release */,
			);
			defaultConfigurationIsVisible = 0;
			defaultConfigurationName = Release;
		};
		0B0259EE1E7E330F00247B9C /* Build configuration list for PBXNativeTarget "webViewJsHtml" */ = {
			isa = XCConfigurationList;
			buildConfigurations = (
				0B0259EF1E7E330F00247B9C /* Debug */,
				0B0259F01E7E330F00247B9C /* Release */,
			);
			defaultConfigurationIsVisible = 0;
			defaultConfigurationName = Release;
		};
		0B0259F11E7E330F00247B9C /* Build configuration list for PBXNativeTarget "webViewJsHtmlTests" */ = {
			isa = XCConfigurationList;
			buildConfigurations = (
				0B0259F21E7E330F00247B9C /* Debug */,
				0B0259F31E7E330F00247B9C /* Release */,
			);
			defaultConfigurationIsVisible = 0;
			defaultConfigurationName = Release;
		};
		0B0259F41E7E330F00247B9C /* Build configuration list for PBXNativeTarget "webViewJsHtmlUITests" */ = {
			isa = XCConfigurationList;
			buildConfigurations = (
				0B0259F51E7E330F00247B9C /* Debug */,
				0B0259F61E7E330F00247B9C /* Release */,
			);
			defaultConfigurationIsVisible = 0;
			defaultConfigurationName = Release;
		};
/* End XCConfigurationList section */

/* Begin XCVersionGroup section */
		0B0259CD1E7E330F00247B9C /* webViewJsHtml.xcdatamodeld */ = {
			isa = XCVersionGroup;
			children = (
				0B0259CE1E7E330F00247B9C /* webViewJsHtml.xcdatamodel */,
			);
			currentVersion = 0B0259CE1E7E330F00247B9C /* webViewJsHtml.xcdatamodel */;
			path = webViewJsHtml.xcdatamodeld;
			sourceTree = "<group>";
			versionGroupType = wrapper.xcdatamodel;
		};
/* End XCVersionGroup section */
	};
	rootObject = 0B0259B61E7E330F00247B9C /* Project object */;
}
